
Microsoft Visual Studio Solution File, Format Version 12.00
# Visual Studio Version 17
VisualStudioVersion = 17.7.34024.191
MinimumVisualStudioVersion = 10.0.40219.1
Project("{FAE04EC0-301F-11D3-BF4B-00C04F79EFBC}") = "Program1", "Program1\Program1.csproj", "{70CF1D55-6FA7-4C80-A472-5380BBFB4C18}"
EndProject
Global
	GlobalSection(SolutionConfigurationPlatforms) = preSolution
		Debug|Any CPU = Debug|Any CPU
		Release|Any CPU = Release|Any CPU
	EndGlobalSection
	GlobalSection(ProjectConfigurationPlatforms) = postSolution
		{70CF1D55-6FA7-4C80-A472-5380BBFB4C18}.Debug|Any CPU.ActiveCfg = Debug|Any CPU
		{70CF1D55-6FA7-4C80-A472-5380BBFB4C18}.Debug|Any CPU.Build.0 = Debug|Any CPU
		{70CF1D55-6FA7-4C80-A472-5380BBFB4C18}.Release|Any CPU.ActiveCfg = Release|Any CPU
		{70CF1D55-6FA7-4C80-A472-5380BBFB4C18}.Release|Any CPU.Build.0 = Release|Any CPU
	EndGlobalSection
	GlobalSection(SolutionProperties) = preSolution
		HideSolutionNode = FALSE
	EndGlobalSection
	GlobalSection(ExtensibilityGlobals) = postSolution
		SolutionGuid = {2C6754B7-901E-44F6-9E3B-D1152C69030D}
	EndGlobalSection
EndGlobal
